
Microsoft Visual Studio Solution File, Format Version 12.00
# Visual Studio Version 16
VisualStudioVersion = 16.0.33027.164
MinimumVisualStudioVersion = 10.0.40219.1
Project("{FAE04EC0-301F-11D3-BF4B-00C04F79EFBC}") = "ProyectoTitulacion", "ProyectoTitulacion\ProyectoTitulacion.csproj", "{EBF1832C-9FBA-45C5-956F-7FAAF1CF3EF4}"
EndProject
Project("{FAE04EC0-301F-11D3-BF4B-00C04F79EFBC}") = "Controlador", "Controlador\Controlador.csproj", "{8ADEE34E-02B1-4559-B23C-202D8B21E432}"
EndProject
Project("{FAE04EC0-301F-11D3-BF4B-00C04F79EFBC}") = "AccesoDatos", "AccesoDatos\AccesoDatos.csproj", "{C0957280-5372-4B07-AC3F-DAF963D047C2}"
EndProject
Global
	GlobalSection(SolutionConfigurationPlatforms) = preSolution
		Debug|Any CPU = Debug|Any CPU
		Release|Any CPU = Release|Any CPU
	EndGlobalSection
	GlobalSection(ProjectConfigurationPlatforms) = postSolution
		{EBF1832C-9FBA-45C5-956F-7FAAF1CF3EF4}.Debug|Any CPU.ActiveCfg = Debug|Any CPU
		{EBF1832C-9FBA-45C5-956F-7FAAF1CF3EF4}.Debug|Any CPU.Build.0 = Debug|Any CPU
		{EBF1832C-9FBA-45C5-956F-7FAAF1CF3EF4}.Release|Any CPU.ActiveCfg = Release|Any CPU
		{EBF1832C-9FBA-45C5-956F-7FAAF1CF3EF4}.Release|Any CPU.Build.0 = Release|Any CPU
		{8ADEE34E-02B1-4559-B23C-202D8B21E432}.Debug|Any CPU.ActiveCfg = Debug|Any CPU
		{8ADEE34E-02B1-4559-B23C-202D8B21E432}.Debug|Any CPU.Build.0 = Debug|Any CPU
		{8ADEE34E-02B1-4559-B23C-202D8B21E432}.Release|Any CPU.ActiveCfg = Release|Any CPU
		{8ADEE34E-02B1-4559-B23C-202D8B21E432}.Release|Any CPU.Build.0 = Release|Any CPU
		{C0957280-5372-4B07-AC3F-DAF963D047C2}.Debug|Any CPU.ActiveCfg = Debug|Any CPU
		{C0957280-5372-4B07-AC3F-DAF963D047C2}.Debug|Any CPU.Build.0 = Debug|Any CPU
		{C0957280-5372-4B07-AC3F-DAF963D047C2}.Release|Any CPU.ActiveCfg = Release|Any CPU
		{C0957280-5372-4B07-AC3F-DAF963D047C2}.Release|Any CPU.Build.0 = Release|Any CPU
	EndGlobalSection
	GlobalSection(SolutionProperties) = preSolution
		HideSolutionNode = FALSE
	EndGlobalSection
	GlobalSection(ExtensibilityGlobals) = postSolution
		SolutionGuid = {91FA4460-2278-4AC8-9F9C-B1F27DC57300}
	EndGlobalSection
EndGlobal
